<?xml version="1.0" encoding="utf-8"?>
<Project ToolsVersion="4.0" xmlns="http://schemas.microsoft.com/developer/msbuild/2003">
  <ItemGroup>
    <ClCompile Include="Include\DMALibrary\DMALibrary.cpp" />
    <ClCompile Include="Include\DMALibrary\Memory\InputManager.cpp" />
    <ClCompile Include="Include\DMALibrary\Memory\Memory.cpp" />
    <ClCompile Include="Include\DMALibrary\Memory\Registry.cpp" />
    <ClCompile Include="Include\DMALibrary\Memory\Shellcode.cpp" />
    <ClCompile Include="Main.cpp" />
    <ClCompile Include="Source\cJSON\cJSON.c" />
    <ClCompile Include="Source\Common\Entitys.cpp" />
    <ClCompile Include="Source\Common\VectorHelper.cpp" />
    <ClCompile Include="Source\Hack\Decrypt.cpp" />
    <ClCompile Include="Source\Hack\Process.cpp" />
    <ClCompile Include="Source\Overlay\DMARender.cpp" />
    <ClCompile Include="Source\Overlay\Overlay.cpp" />
    <ClCompile Include="Source\Overlay\Texture.cpp" />
    <ClCompile Include="Source\Utils\KmBox.cpp" />
    <ClCompile Include="Source\Utils\Lurker.cpp" />
    <ClCompile Include="Source\Utils\MoBox.cpp" />
    <ClCompile Include="Source\Utils\NetConfig\kmboxNet.cpp" />
    <ClCompile Include="Source\Utils\string.cpp" />
    <ClCompile Include="Source\Utils\Throttler.cpp" />
    <ClCompile Include="Source\Utils\Timer.cpp" />
    <ClCompile Include="Source\Utils\ue4math\matrix.cpp" />
    <ClCompile Include="Source\Utils\ue4math\quat.cpp" />
    <ClCompile Include="Source\Utils\ue4math\rotator.cpp" />
    <ClCompile Include="Source\Utils\ue4math\transform.cpp" />
    <ClCompile Include="Source\Utils\ue4math\vector.cpp" />
    <ClCompile Include="Source\Utils\w3c\w3c.cpp" />
    <ClCompile Include="Include\imgui\imgui_knobs.cpp" />
    <ClCompile Include="Include\imgui\imgui_tables.cpp" />
    <ClCompile Include="Include\imgui\imgui_widgets.cpp" />
    <ClCompile Include="Include\imgui\imgui.cpp" />
    <ClCompile Include="Include\imgui\imgui_draw.cpp" />
    <ClCompile Include="Include\libs\usynergy\uSynergy.c" />
    <ClCompile Include="Include\misc\cpp\imgui_stdlib.cpp" />
    <ClCompile Include="Include\backends\imgui_impl_dx11.cpp" />
    <ClCompile Include="Include\backends\imgui_impl_win32.cpp" />
    <ClCompile Include="Include\imgui\imgui_freetype.cpp" />
    <ClCompile Include="Include\DMARender\IOverlay\IOverlay.cpp" />
    <ClCompile Include="Include\DMARender\Vectors\Vector3.cpp" />
  </ItemGroup>
  <ItemGroup>
    <ClInclude Include="..\PaoX Pro\Source\Utils\MachineCodeGenerator.h" />
    <ClInclude Include="Include\DMALibrary\framework.h" />
    <ClInclude Include="Include\DMALibrary\libs\leechcore.h" />
    <ClInclude Include="Include\DMALibrary\libs\vmmdll.h" />
    <ClInclude Include="Include\DMALibrary\Memory\InputManager.h" />
    <ClInclude Include="Include\DMALibrary\Memory\Memory.h" />
    <ClInclude Include="Include\DMALibrary\Memory\Registry.h" />
    <ClInclude Include="Include\DMALibrary\Memory\Shellcode.h" />
    <ClInclude Include="Include\DMALibrary\nt\structs.h" />
    <ClInclude Include="Include\DMALibrary\pch.h" />
    <ClInclude Include="resource.h" />
    <ClInclude Include="Source\cJSON\cJSON.h" />
    <ClInclude Include="Source\Common\Bone.h" />
    <ClInclude Include="Source\Common\Config.h" />
    <ClInclude Include="Source\Common\Constant.h" />
    <ClInclude Include="Source\Common\Data.h" />
    <ClInclude Include="Source\Common\Entitys.h" />
    <ClInclude Include="Source\Common\Offset.h" />
    <ClInclude Include="Source\Common\VectorHelper.h" />
    <ClInclude Include="Source\Common\VisibleScene.h" />
    <ClInclude Include="Source\Hack\Actors.h" />
    <ClInclude Include="Source\Hack\AimBot.h" />
    <ClInclude Include="Source\Hack\autoRecoil.h" />
    <ClInclude Include="Source\Hack\Decrypt.h" />
    <ClInclude Include="Source\Hack\GNames.h" />
    <ClInclude Include="Source\Hack\Hack.h" />
    <ClInclude Include="Source\Hack\Items.h" />
    <ClInclude Include="Source\Hack\KeyState.h" />
    <ClInclude Include="Source\Hack\Players.h" />
    <ClInclude Include="Source\Hack\Process.h" />
    <ClInclude Include="Source\Hack\Projects.h" />
    <ClInclude Include="Source\Hack\Radar.h" />
    <ClInclude Include="Source\Hack\Segment.h" />
    <ClInclude Include="Source\Hack\Vehicles.h" />
    <ClInclude Include="Source\Hack\Webpageradar.h" />
    <ClInclude Include="Source\Overlay\DMARender.h" />
    <ClInclude Include="Source\Overlay\ESP.h" />
    <ClInclude Include="Source\Overlay\HealthBar.h" />
    <ClInclude Include="Source\Overlay\Map.h" />
    <ClInclude Include="Source\Overlay\Menu.h" />
    <ClInclude Include="Source\Overlay\MenuPlayerLists.h" />
    <ClInclude Include="Source\Overlay\MThreadRenderer.h" />
    <ClInclude Include="Source\Overlay\Overlay.h" />
    <ClInclude Include="Source\Overlay\RenderHelper.h" />
    <ClInclude Include="Source\Overlay\Style.h" />
    <ClInclude Include="Source\Overlay\Texture.h" />
    <ClInclude Include="Source\Overlay\weapon.h" />
    <ClInclude Include="Source\Utils\COM.h" />
    <ClInclude Include="Source\Utils\Engine.h" />
    <ClInclude Include="Source\Utils\FNVHash.h" />
    <ClInclude Include="Source\Utils\KmBox.h" />
    <ClInclude Include="Source\Utils\KmBoxNet.h" />
    <ClInclude Include="Source\Utils\Lurker.h" />
    <ClInclude Include="Source\Utils\MoBox.h" />
    <ClInclude Include="Source\Utils\NetConfig\HidTable.h" />
    <ClInclude Include="Source\Utils\NetConfig\kmboxNet.h" />
    <ClInclude Include="Source\Utils\stb_image.h" />
    <ClInclude Include="Source\Utils\string.h" />
    <ClInclude Include="Source\Utils\Throttler.h" />
    <ClInclude Include="Source\Utils\Timer.h" />
    <ClInclude Include="Source\Utils\ue4math\matrix.h" />
    <ClInclude Include="Source\Utils\ue4math\quat.h" />
    <ClInclude Include="Source\Utils\ue4math\rotator.h" />
    <ClInclude Include="Source\Utils\ue4math\transform.h" />
    <ClInclude Include="Source\Utils\ue4math\ue4math.h" />
    <ClInclude Include="Source\Utils\ue4math\vector.h" />
    <ClInclude Include="Source\Utils\Utils.h" />
    <ClInclude Include="Source\Utils\w3c\w3c.h" />
    <ClInclude Include="Server\QPVerify.h" />
    <ClInclude Include="VMP\VMProtectSDK.h" />
    <ClInclude Include="Main.h" />
    <ClInclude Include="Source\Overlay\GlobalConfig.h" />
    <ClInclude Include="Source\Hack\LineTraceHook.h" />
    <ClInclude Include="Source\Utils\MachineCodeGenerator.h" />
    <ClInclude Include="Source\Utils\MeshPatcher.h" />
    <ClInclude Include="map.h" />
    <ClInclude Include="global.h" />
    <ClInclude Include="struct.h" />
    <ClInclude Include="general.h" />
    <ClInclude Include="Source\Hack\Rank.h" />
    <ClInclude Include="Include\imgui\imgui_internal.h" />
    <ClInclude Include="Include\imgui\imgui_knobs.h" />
    <ClInclude Include="Include\imgui\imgui_settings.h" />
    <ClInclude Include="Include\imgui\imstb_rectpack.h" />
    <ClInclude Include="Include\imgui\imstb_textedit.h" />
    <ClInclude Include="Include\imgui\imstb_truetype.h" />
    <ClInclude Include="Include\imgui\imconfig.h" />
    <ClInclude Include="Include\imgui\imgui.h" />
    <ClInclude Include="Include\imgui\imgui_elements.h" />
    <ClInclude Include="Include\imgui\imgui_freetype.h" />
    <ClInclude Include="Include\libs\emscripten\emscripten_mainloop_stub.h" />
    <ClInclude Include="Include\libs\freetype\include\freetype\config\ftconfig.h" />
    <ClInclude Include="Include\libs\freetype\include\freetype\config\ftheader.h" />
    <ClInclude Include="Include\libs\freetype\include\freetype\config\ftmodule.h" />
    <ClInclude Include="Include\libs\freetype\include\freetype\config\ftoption.h" />
    <ClInclude Include="Include\libs\freetype\include\freetype\config\ftstdlib.h" />
    <ClInclude Include="Include\libs\freetype\include\freetype\config\integer-types.h" />
    <ClInclude Include="Include\libs\freetype\include\freetype\config\mac-support.h" />
    <ClInclude Include="Include\libs\freetype\include\freetype\config\public-macros.h" />
    <ClInclude Include="Include\libs\freetype\include\freetype\freetype.h" />
    <ClInclude Include="Include\libs\freetype\include\freetype\ftadvanc.h" />
    <ClInclude Include="Include\libs\freetype\include\freetype\ftbbox.h" />
    <ClInclude Include="Include\libs\freetype\include\freetype\ftbdf.h" />
    <ClInclude Include="Include\libs\freetype\include\freetype\ftbitmap.h" />
    <ClInclude Include="Include\libs\freetype\include\freetype\ftbzip2.h" />
    <ClInclude Include="Include\libs\freetype\include\freetype\ftcache.h" />
    <ClInclude Include="Include\libs\freetype\include\freetype\ftchapters.h" />
    <ClInclude Include="Include\libs\freetype\include\freetype\ftcid.h" />
    <ClInclude Include="Include\libs\freetype\include\freetype\ftcolor.h" />
    <ClInclude Include="Include\libs\freetype\include\freetype\ftdriver.h" />
    <ClInclude Include="Include\libs\freetype\include\freetype\fterrdef.h" />
    <ClInclude Include="Include\libs\freetype\include\freetype\fterrors.h" />
    <ClInclude Include="Include\libs\freetype\include\freetype\ftfntfmt.h" />
    <ClInclude Include="Include\libs\freetype\include\freetype\ftgasp.h" />
    <ClInclude Include="Include\libs\freetype\include\freetype\ftglyph.h" />
    <ClInclude Include="Include\libs\freetype\include\freetype\ftgxval.h" />
    <ClInclude Include="Include\libs\freetype\include\freetype\ftgzip.h" />
    <ClInclude Include="Include\libs\freetype\include\freetype\ftimage.h" />
    <ClInclude Include="Include\libs\freetype\include\freetype\ftincrem.h" />
    <ClInclude Include="Include\libs\freetype\include\freetype\ftlcdfil.h" />
    <ClInclude Include="Include\libs\freetype\include\freetype\ftlist.h" />
    <ClInclude Include="Include\libs\freetype\include\freetype\ftlogging.h" />
    <ClInclude Include="Include\libs\freetype\include\freetype\ftlzw.h" />
    <ClInclude Include="Include\libs\freetype\include\freetype\ftmac.h" />
    <ClInclude Include="Include\libs\freetype\include\freetype\ftmm.h" />
    <ClInclude Include="Include\libs\freetype\include\freetype\ftmodapi.h" />
    <ClInclude Include="Include\libs\freetype\include\freetype\ftmoderr.h" />
    <ClInclude Include="Include\libs\freetype\include\freetype\ftotval.h" />
    <ClInclude Include="Include\libs\freetype\include\freetype\ftoutln.h" />
    <ClInclude Include="Include\libs\freetype\include\freetype\ftparams.h" />
    <ClInclude Include="Include\libs\freetype\include\freetype\ftpfr.h" />
    <ClInclude Include="Include\libs\freetype\include\freetype\ftrender.h" />
    <ClInclude Include="Include\libs\freetype\include\freetype\ftsizes.h" />
    <ClInclude Include="Include\libs\freetype\include\freetype\ftsnames.h" />
    <ClInclude Include="Include\libs\freetype\include\freetype\ftstroke.h" />
    <ClInclude Include="Include\libs\freetype\include\freetype\ftsynth.h" />
    <ClInclude Include="Include\libs\freetype\include\freetype\ftsystem.h" />
    <ClInclude Include="Include\libs\freetype\include\freetype\fttrigon.h" />
    <ClInclude Include="Include\libs\freetype\include\freetype\fttypes.h" />
    <ClInclude Include="Include\libs\freetype\include\freetype\ftwinfnt.h" />
    <ClInclude Include="Include\libs\freetype\include\freetype\otsvg.h" />
    <ClInclude Include="Include\libs\freetype\include\freetype\t1tables.h" />
    <ClInclude Include="Include\libs\freetype\include\freetype\ttnameid.h" />
    <ClInclude Include="Include\libs\freetype\include\freetype\tttables.h" />
    <ClInclude Include="Include\libs\freetype\include\freetype\tttags.h" />
    <ClInclude Include="Include\libs\freetype\include\ft2build.h" />
    <ClInclude Include="Include\libs\glfw\include\GLFW\glfw3.h" />
    <ClInclude Include="Include\libs\glfw\include\GLFW\glfw3native.h" />
    <ClInclude Include="Include\libs\usynergy\uSynergy.h" />
    <ClInclude Include="Include\misc\cpp\imgui_stdlib.h" />
    <ClInclude Include="Include\misc\single_file\imgui_single_file.h" />
    <ClInclude Include="Include\backends\imgui_impl_dx11.h" />
    <ClInclude Include="Include\backends\imgui_impl_win32.h" />
    <ClInclude Include="notify.h" />
    <ClInclude Include="C:\Users\Administrator\Documents\Tencent Files\634850560\FileRecv\imgui\backends\imgui_impl_dx11.h" />
    <ClInclude Include="font.h" />
    <ClInclude Include="Include\custom\esp.hpp" />
    <ClInclude Include="Include\custom\esp_preview.hpp" />
    <ClInclude Include="Include\custom\imgui_colors.h" />
    <ClInclude Include="Include\custom\imgui_elements.hpp" />
    <ClInclude Include="Include\custom\imgui_settings.h" />
    <ClInclude Include="Include\custom\imgui_textures.h" />
  </ItemGroup>
  <ItemGroup>
    <Library Include="Include\DMALibrary\libs\leechcore.lib" />
    <Library Include="Include\DMALibrary\libs\vmm.lib" />
    <Library Include="QPLibX64_MT.lib" />
    <Library Include="Include\libs\freetype\win64\freetype.lib" />
  </ItemGroup>
  <ItemGroup>
    <ResourceCompile Include="DMA-KaKa.rc" />
  </ItemGroup>
  <ItemGroup>
    <None Include="Include\libs\emscripten\shell_minimal.html" />
  </ItemGroup>
  <ItemGroup>
    <Text Include="language_setting.txt" />
  </ItemGroup>
  <ItemGroup>
    <Image Include="AKM.ico" />
  </ItemGroup>
</Project>